Microsoft Visual Studio Solution File, Format Version 12.00
# Visual Studio 15
VisualStudioVersion = 15.0.28307.1022
MinimumVisualStudioVersion = 10.0.40219.1
Project("{2150E333-8FDC-42A3-9474-1A3956D46DE8}") = "(common)", "(common)", "{86DDC42D-492A-B7E2-29A9-DBF1D1AEDD7A}"
EndProject
Project("{2150E333-8FDC-42A3-9474-1A3956D46DE8}") = "(converter)", "(converter)", "{01A8F443-5267-B829-72D7-1827C87DEEA0}"
EndProject
Project("{2150E333-8FDC-42A3-9474-1A3956D46DE8}") = "(dump_syms)", "(dump_syms)", "{ADF78F91-8F33-D40A-C79F-2A4B37312220}"
EndProject
Project("{2150E333-8FDC-42A3-9474-1A3956D46DE8}") = "(tools)", "(tools)", "{0078455D-77D3-142E-F1F4-B78FB0A8B454}"
EndProject
Project("{2150E333-8FDC-42A3-9474-1A3956D46DE8}") = "(windows)", "(windows)", "{33970CEB-6F70-7C5A-FAD3-E46F8BC37A5C}"
EndProject
Project("{2150E333-8FDC-42A3-9474-1A3956D46DE8}") = "(windows)", "(windows)", "{E745732B-1DEE-28C9-8BD6-EDCAD811C80F}"
EndProject
Project("{8BC9CEB8-8B4A-11D0-8D11-00A0C91BC942}") = "build_all", "build_all.vcxproj", "{2282A521-03C2-B564-E6CD-2A7C45A2DF30}"
	ProjectSection(ProjectDependencies) = postProject
		{1463C4CD-23FC-4DE9-BFDE-283338200157} = {1463C4CD-23FC-4DE9-BFDE-283338200157}
		{7680F167-7B80-2D9E-CEF2-5A355285DB46} = {7680F167-7B80-2D9E-CEF2-5A355285DB46}
		{BC6551A0-3F83-6275-8657-C29F4823392F} = {BC6551A0-3F83-6275-8657-C29F4823392F}
		{135E8084-20FB-273D-E9DB-8E2420030F9F} = {135E8084-20FB-273D-E9DB-8E2420030F9F}
	EndProjectSection
EndProject
Project("{8BC9CEB8-8B4A-11D0-8D11-00A0C91BC942}") = "common_windows_lib", "..\..\common\windows\common_windows_lib.vcxproj", "{4BE74462-252E-F4DC-BC77-6FE4A6E58692}"
	ProjectSection(ProjectDependencies) = postProject
		{022EA1E5-3DF3-5F51-9DAC-2664AA9A1885} = {022EA1E5-3DF3-5F51-9DAC-2664AA9A1885}
	EndProjectSection
EndProject
Project("{8BC9CEB8-8B4A-11D0-8D11-00A0C91BC942}") = "converter_exe", "converter_exe\converter_exe.vcxproj", "{7680F167-7B80-2D9E-CEF2-5A355285DB46}"
	ProjectSection(ProjectDependencies) = postProject
		{4BE74462-252E-F4DC-BC77-6FE4A6E58692} = {4BE74462-252E-F4DC-BC77-6FE4A6E58692}
		{1463C4CD-23FC-4DE9-BFDE-283338200157} = {1463C4CD-23FC-4DE9-BFDE-283338200157}
		{022EA1E5-3DF3-5F51-9DAC-2664AA9A1885} = {022EA1E5-3DF3-5F51-9DAC-2664AA9A1885}
	EndProjectSection
EndProject
Project("{8BC9CEB8-8B4A-11D0-8D11-00A0C91BC942}") = "dia_sdk", "..\..\common\windows\dia_sdk.vcxproj", "{022EA1E5-3DF3-5F51-9DAC-2664AA9A1885}"
EndProject
Project("{8BC9CEB8-8B4A-11D0-8D11-00A0C91BC942}") = "dump_syms", "dump_syms\dump_syms.vcxproj", "{BC6551A0-3F83-6275-8657-C29F4823392F}"
	ProjectSection(ProjectDependencies) = postProject
		{4BE74462-252E-F4DC-BC77-6FE4A6E58692} = {4BE74462-252E-F4DC-BC77-6FE4A6E58692}
		{022EA1E5-3DF3-5F51-9DAC-2664AA9A1885} = {022EA1E5-3DF3-5F51-9DAC-2664AA9A1885}
	EndProjectSection
EndProject
Project("{8BC9CEB8-8B4A-11D0-8D11-00A0C91BC942}") = "ms_symbol_server_converter", "converter\ms_symbol_server_converter.vcxproj", "{1463C4CD-23FC-4DE9-BFDE-283338200157}"
EndProject
Project("{8BC9CEB8-8B4A-11D0-8D11-00A0C91BC942}") = "symupload", "symupload\symupload.vcxproj", "{135E8084-20FB-273D-E9DB-8E2420030F9F}"
	ProjectSection(ProjectDependencies) = postProject
		{4BE74462-252E-F4DC-BC77-6FE4A6E58692} = {4BE74462-252E-F4DC-BC77-6FE4A6E58692}
		{022EA1E5-3DF3-5F51-9DAC-2664AA9A1885} = {022EA1E5-3DF3-5F51-9DAC-2664AA9A1885}
	EndProjectSection
EndProject
Global
	GlobalSection(SolutionConfigurationPlatforms) = preSolution
		Debug|Win32 = Debug|Win32
		Debug|x64 = Debug|x64
		Purify|Win32 = Purify|Win32
		Purify|x64 = Purify|x64
		Release|Win32 = Release|Win32
		Release|x64 = Release|x64
	EndGlobalSection
	GlobalSection(ProjectConfigurationPlatforms) = postSolution
		{2282A521-03C2-B564-E6CD-2A7C45A2DF30}.Debug|Win32.ActiveCfg = Debug|Win32
		{2282A521-03C2-B564-E6CD-2A7C45A2DF30}.Debug|Win32.Build.0 = Debug|Win32
		{2282A521-03C2-B564-E6CD-2A7C45A2DF30}.Debug|x64.ActiveCfg = Debug|x64
		{2282A521-03C2-B564-E6CD-2A7C45A2DF30}.Debug|x64.Build.0 = Debug|x64
		{2282A521-03C2-B564-E6CD-2A7C45A2DF30}.Purify|Win32.ActiveCfg = Purify|Win32
		{2282A521-03C2-B564-E6CD-2A7C45A2DF30}.Purify|Win32.Build.0 = Purify|Win32
		{2282A521-03C2-B564-E6CD-2A7C45A2DF30}.Purify|x64.ActiveCfg = Purify|x64
		{2282A521-03C2-B564-E6CD-2A7C45A2DF30}.Purify|x64.Build.0 = Purify|x64
		{2282A521-03C2-B564-E6CD-2A7C45A2DF30}.Release|Win32.ActiveCfg = Release|Win32
		{2282A521-03C2-B564-E6CD-2A7C45A2DF30}.Release|Win32.Build.0 = Release|Win32
		{2282A521-03C2-B564-E6CD-2A7C45A2DF30}.Release|x64.ActiveCfg = Release|x64
		{2282A521-03C2-B564-E6CD-2A7C45A2DF30}.Release|x64.Build.0 = Release|x64
		{4BE74462-252E-F4DC-BC77-6FE4A6E58692}.Debug|Win32.ActiveCfg = Debug|Win32
		{4BE74462-252E-F4DC-BC77-6FE4A6E58692}.Debug|Win32.Build.0 = Debug|Win32
		{4BE74462-252E-F4DC-BC77-6FE4A6E58692}.Debug|x64.ActiveCfg = Debug|x64
		{4BE74462-252E-F4DC-BC77-6FE4A6E58692}.Debug|x64.Build.0 = Debug|x64
		{4BE74462-252E-F4DC-BC77-6FE4A6E58692}.Purify|Win32.ActiveCfg = Purify|Win32
		{4BE74462-252E-F4DC-BC77-6FE4A6E58692}.Purify|Win32.Build.0 = Purify|Win32
		{4BE74462-252E-F4DC-BC77-6FE4A6E58692}.Purify|x64.ActiveCfg = Purify|x64
		{4BE74462-252E-F4DC-BC77-6FE4A6E58692}.Purify|x64.Build.0 = Purify|x64
		{4BE74462-252E-F4DC-BC77-6FE4A6E58692}.Release|Win32.ActiveCfg = Release|Win32
		{4BE74462-252E-F4DC-BC77-6FE4A6E58692}.Release|Win32.Build.0 = Release|Win32
		{4BE74462-252E-F4DC-BC77-6FE4A6E58692}.Release|x64.ActiveCfg = Release|x64
		{4BE74462-252E-F4DC-BC77-6FE4A6E58692}.Release|x64.Build.0 = Release|x64
		{7680F167-7B80-2D9E-CEF2-5A355285DB46}.Debug|Win32.ActiveCfg = Debug|Win32
		{7680F167-7B80-2D9E-CEF2-5A355285DB46}.Debug|Win32.Build.0 = Debug|Win32
		{7680F167-7B80-2D9E-CEF2-5A355285DB46}.Debug|x64.ActiveCfg = Debug|x64
		{7680F167-7B80-2D9E-CEF2-5A355285DB46}.Debug|x64.Build.0 = Debug|x64
		{7680F167-7B80-2D9E-CEF2-5A355285DB46}.Purify|Win32.ActiveCfg = Purify|Win32
		{7680F167-7B80-2D9E-CEF2-5A355285DB46}.Purify|Win32.Build.0 = Purify|Win32
		{7680F167-7B80-2D9E-CEF2-5A355285DB46}.Purify|x64.ActiveCfg = Purify|x64
		{7680F167-7B80-2D9E-CEF2-5A355285DB46}.Purify|x64.Build.0 = Purify|x64
		{7680F167-7B80-2D9E-CEF2-5A355285DB46}.Release|Win32.ActiveCfg = Release|Win32
		{7680F167-7B80-2D9E-CEF2-5A355285DB46}.Release|Win32.Build.0 = Release|Win32
		{7680F167-7B80-2D9E-CEF2-5A355285DB46}.Release|x64.ActiveCfg = Release|x64
		{7680F167-7B80-2D9E-CEF2-5A355285DB46}.Release|x64.Build.0 = Release|x64
		{022EA1E5-3DF3-5F51-9DAC-2664AA9A1885}.Debug|Win32.ActiveCfg = Debug|Win32
		{022EA1E5-3DF3-5F51-9DAC-2664AA9A1885}.Debug|Win32.Build.0 = Debug|Win32
		{022EA1E5-3DF3-5F51-9DAC-2664AA9A1885}.Debug|x64.ActiveCfg = Debug|x64
		{022EA1E5-3DF3-5F51-9DAC-2664AA9A1885}.Debug|x64.Build.0 = Debug|x64
		{022EA1E5-3DF3-5F51-9DAC-2664AA9A1885}.Purify|Win32.ActiveCfg = Purify|Win32
		{022EA1E5-3DF3-5F51-9DAC-2664AA9A1885}.Purify|Win32.Build.0 = Purify|Win32
		{022EA1E5-3DF3-5F51-9DAC-2664AA9A1885}.Purify|x64.ActiveCfg = Purify|x64
		{022EA1E5-3DF3-5F51-9DAC-2664AA9A1885}.Purify|x64.Build.0 = Purify|x64
		{022EA1E5-3DF3-5F51-9DAC-2664AA9A1885}.Release|Win32.ActiveCfg = Release|Win32
		{022EA1E5-3DF3-5F51-9DAC-2664AA9A1885}.Release|Win32.Build.0 = Release|Win32
		{022EA1E5-3DF3-5F51-9DAC-2664AA9A1885}.Release|x64.ActiveCfg = Release|x64
		{022EA1E5-3DF3-5F51-9DAC-2664AA9A1885}.Release|x64.Build.0 = Release|x64
		{BC6551A0-3F83-6275-8657-C29F4823392F}.Debug|Win32.ActiveCfg = Debug|Win32
		{BC6551A0-3F83-6275-8657-C29F4823392F}.Debug|Win32.Build.0 = Debug|Win32
		{BC6551A0-3F83-6275-8657-C29F4823392F}.Debug|x64.ActiveCfg = Debug|x64
		{BC6551A0-3F83-6275-8657-C29F4823392F}.Debug|x64.Build.0 = Debug|x64
		{BC6551A0-3F83-6275-8657-C29F4823392F}.Purify|Win32.ActiveCfg = Purify|Win32
		{BC6551A0-3F83-6275-8657-C29F4823392F}.Purify|Win32.Build.0 = Purify|Win32
		{BC6551A0-3F83-6275-8657-C29F4823392F}.Purify|x64.ActiveCfg = Purify|x64
		{BC6551A0-3F83-6275-8657-C29F4823392F}.Purify|x64.Build.0 = Purify|x64
		{BC6551A0-3F83-6275-8657-C29F4823392F}.Release|Win32.ActiveCfg = Release|Win32
		{BC6551A0-3F83-6275-8657-C29F4823392F}.Release|Win32.Build.0 = Release|Win32
		{BC6551A0-3F83-6275-8657-C29F4823392F}.Release|x64.ActiveCfg = Release|x64
		{BC6551A0-3F83-6275-8657-C29F4823392F}.Release|x64.Build.0 = Release|x64
		{1463C4CD-23FC-4DE9-BFDE-283338200157}.Debug|Win32.ActiveCfg = Debug|Win32
		{1463C4CD-23FC-4DE9-BFDE-283338200157}.Debug|Win32.Build.0 = Debug|Win32
		{1463C4CD-23FC-4DE9-BFDE-283338200157}.Debug|x64.ActiveCfg = Debug|x64
		{1463C4CD-23FC-4DE9-BFDE-283338200157}.Debug|x64.Build.0 = Debug|x64
		{1463C4CD-23FC-4DE9-BFDE-283338200157}.Purify|Win32.ActiveCfg = Purify|Win32
		{1463C4CD-23FC-4DE9-BFDE-283338200157}.Purify|Win32.Build.0 = Purify|Win32
		{1463C4CD-23FC-4DE9-BFDE-283338200157}.Purify|x64.ActiveCfg = Purify|x64
		{1463C4CD-23FC-4DE9-BFDE-283338200157}.Purify|x64.Build.0 = Purify|x64
		{1463C4CD-23FC-4DE9-BFDE-283338200157}.Release|Win32.ActiveCfg = Release|Win32
		{1463C4CD-23FC-4DE9-BFDE-283338200157}.Release|Win32.Build.0 = Release|Win32
		{1463C4CD-23FC-4DE9-BFDE-283338200157}.Release|x64.ActiveCfg = Release|x64
		{1463C4CD-23FC-4DE9-BFDE-283338200157}.Release|x64.Build.0 = Release|x64
		{135E8084-20FB-273D-E9DB-8E2420030F9F}.Debug|Win32.ActiveCfg = Debug|Win32
		{135E8084-20FB-273D-E9DB-8E2420030F9F}.Debug|Win32.Build.0 = Debug|Win32
		{135E8084-20FB-273D-E9DB-8E2420030F9F}.Debug|x64.ActiveCfg = Debug|x64
		{135E8084-20FB-273D-E9DB-8E2420030F9F}.Debug|x64.Build.0 = Debug|x64
		{135E8084-20FB-273D-E9DB-8E2420030F9F}.Purify|Win32.ActiveCfg = Purify|Win32
		{135E8084-20FB-273D-E9DB-8E2420030F9F}.Purify|Win32.Build.0 = Purify|Win32
		{135E8084-20FB-273D-E9DB-8E2420030F9F}.Purify|x64.ActiveCfg = Purify|x64
		{135E8084-20FB-273D-E9DB-8E2420030F9F}.Purify|x64.Build.0 = Purify|x64
		{135E8084-20FB-273D-E9DB-8E2420030F9F}.Release|Win32.ActiveCfg = Release|Win32
		{135E8084-20FB-273D-E9DB-8E2420030F9F}.Release|Win32.Build.0 = Release|Win32
		{135E8084-20FB-273D-E9DB-8E2420030F9F}.Release|x64.ActiveCfg = Release|x64
		{135E8084-20FB-273D-E9DB-8E2420030F9F}.Release|x64.Build.0 = Release|x64
	EndGlobalSection
	GlobalSection(SolutionProperties) = preSolution
		HideSolutionNode = FALSE
	EndGlobalSection
	GlobalSection(NestedProjects) = preSolution
		{01A8F443-5267-B829-72D7-1827C87DEEA0} = {E745732B-1DEE-28C9-8BD6-EDCAD811C80F}
		{ADF78F91-8F33-D40A-C79F-2A4B37312220} = {E745732B-1DEE-28C9-8BD6-EDCAD811C80F}
		{33970CEB-6F70-7C5A-FAD3-E46F8BC37A5C} = {86DDC42D-492A-B7E2-29A9-DBF1D1AEDD7A}
		{E745732B-1DEE-28C9-8BD6-EDCAD811C80F} = {0078455D-77D3-142E-F1F4-B78FB0A8B454}
		{2282A521-03C2-B564-E6CD-2A7C45A2DF30} = {E745732B-1DEE-28C9-8BD6-EDCAD811C80F}
		{4BE74462-252E-F4DC-BC77-6FE4A6E58692} = {33970CEB-6F70-7C5A-FAD3-E46F8BC37A5C}
		{7680F167-7B80-2D9E-CEF2-5A355285DB46} = {E745732B-1DEE-28C9-8BD6-EDCAD811C80F}
		{022EA1E5-3DF3-5F51-9DAC-2664AA9A1885} = {33970CEB-6F70-7C5A-FAD3-E46F8BC37A5C}
		{BC6551A0-3F83-6275-8657-C29F4823392F} = {ADF78F91-8F33-D40A-C79F-2A4B37312220}
		{1463C4CD-23FC-4DE9-BFDE-283338200157} = {01A8F443-5267-B829-72D7-1827C87DEEA0}
		{135E8084-20FB-273D-E9DB-8E2420030F9F} = {E745732B-1DEE-28C9-8BD6-EDCAD811C80F}
	EndGlobalSection
	GlobalSection(ExtensibilityGlobals) = postSolution
		SolutionGuid = {8E3C1079-8BE9-404F-A591-E0B6ED14AE96}
	EndGlobalSection
EndGlobal
